// !$*UTF8*$!
{
	archiveVersion = 1;
	classes = {
	};
	objectVersion = 48;
	objects = {

/* Begin PBXBuildFile section */
		204DB7211FB8489100B6657A /* ScaryBugsTableViewController.swift in Sources */ = {isa = PBXBuildFile; fileRef = 204DB7201FB8489100B6657A /* ScaryBugsTableViewController.swift */; };
		208FE6D01FB8421A0021C3C0 /* AppDelegate.swift in Sources */ = {isa = PBXBuildFile; fileRef = 208FE6CF1FB8421A0021C3C0 /* AppDelegate.swift */; };
		208FE6D51FB8421A0021C3C0 /* Main.storyboard in Resources */ = {isa = PBXBuildFile; fileRef = 208FE6D31FB8421A0021C3C0 /* Main.storyboard */; };
		208FE6D71FB8421A0021C3C0 /* Assets.xcassets in Resources */ = {isa = PBXBuildFile; fileRef = 208FE6D61FB8421A0021C3C0 /* Assets.xcassets */; };
		208FE6DA1FB8421A0021C3C0 /* LaunchScreen.storyboard in Resources */ = {isa = PBXBuildFile; fileRef = 208FE6D81FB8421A0021C3C0 /* LaunchScreen.storyboard */; };
		208FE6E31FB842F00021C3C0 /* ScaryBug.swift in Sources */ = {isa = PBXBuildFile; fileRef = 208FE6E21FB842F00021C3C0 /* ScaryBug.swift */; };
/* End PBXBuildFile section */

/* Begin PBXFileReference section */
		204DB7201FB8489100B6657A /* ScaryBugsTableViewController.swift */ = {isa = PBXFileReference; lastKnownFileType = sourcecode.swift; path = ScaryBugsTableViewController.swift; sourceTree = "<group>"; };
		208FE6CC1FB8421A0021C3C0 /* ScaryBugs.app */ = {isa = PBXFileReference; explicitFileType = wrapper.application; includeInIndex = 0; path = ScaryBugs.app; sourceTree = BUILT_PRODUCTS_DIR; };
		208FE6CF1FB8421A0021C3C0 /* AppDelegate.swift */ = {isa = PBXFileReference; lastKnownFileType = sourcecode.swift; path = AppDelegate.swift; sourceTree = "<group>"; };
		208FE6D41FB8421A0021C3C0 /* Base */ = {isa = PBXFileReference; lastKnownFileType = file.storyboard; name = Base; path = Base.lproj/Main.storyboard; sourceTree = "<group>"; };
		208FE6D61FB8421A0021C3C0 /* Assets.xcassets */ = {isa = PBXFileReference; lastKnownFileType = folder.assetcatalog; path = Assets.xcassets; sourceTree = "<group>"; };
		208FE6D91FB8421A0021C3C0 /* Base */ = {isa = PBXFileReference; lastKnownFileType = file.storyboard; name = Base; path = Base.lproj/LaunchScreen.storyboard; sourceTree = "<group>"; };
		208FE6DB1FB8421A0021C3C0 /* Info.plist */ = {isa = PBXFileReference; lastKnownFileType = text.plist.xml; path = Info.plist; sourceTree = "<group>"; };
		208FE6E21FB842F00021C3C0 /* ScaryBug.swift */ = {isa = PBXFileReference; fileEncoding = 4; lastKnownFileType = sourcecode.swift; path = ScaryBug.swift; sourceTree = "<group>"; };
/* End PBXFileReference section */

/* Begin PBXFrameworksBuildPhase section */
		208FE6C91FB8421A0021C3C0 /* Frameworks */ = {
			isa = PBXFrameworksBuildPhase;
			buildActionMask = 2147483647;
			files = (
			);
			runOnlyForDeploymentPostprocessing = 0;
		};
/* End PBXFrameworksBuildPhase section */

/* Begin PBXGroup section */
		208FE6C31FB8421A0021C3C0 = {
			isa = PBXGroup;
			children = (
				208FE6CE1FB8421A0021C3C0 /* ScaryBugs */,
				208FE6CD1FB8421A0021C3C0 /* Products */,
			);
			sourceTree = "<group>";
		};
		208FE6CD1FB8421A0021C3C0 /* Products */ = {
			isa = PBXGroup;
			children = (
				208FE6CC1FB8421A0021C3C0 /* ScaryBugs.app */,
			);
			name = Products;
			sourceTree = "<group>";
		};
		208FE6CE1FB8421A0021C3C0 /* ScaryBugs */ = {
			isa = PBXGroup;
			children = (
				208FE6E11FB842A60021C3C0 /* Model */,
				208FE6E41FB847850021C3C0 /* View */,
				208FE6E51FB847910021C3C0 /* Controller */,
				208FE6CF1FB8421A0021C3C0 /* AppDelegate.swift */,
				208FE6D31FB8421A0021C3C0 /* Main.storyboard */,
				208FE6D61FB8421A0021C3C0 /* Assets.xcassets */,
				208FE6D81FB8421A0021C3C0 /* LaunchScreen.storyboard */,
				208FE6DB1FB8421A0021C3C0 /* Info.plist */,
			);
			path = ScaryBugs;
			sourceTree = "<group>";
		};
		208FE6E11FB842A60021C3C0 /* Model */ = {
			isa = PBXGroup;
			children = (
				208FE6E21FB842F00021C3C0 /* ScaryBug.swift */,
			);
			path = Model;
			sourceTree = "<group>";
		};
		208FE6E41FB847850021C3C0 /* View */ = {
			isa = PBXGroup;
			children = (
			);
			path = View;
			sourceTree = "<group>";
		};
		208FE6E51FB847910021C3C0 /* Controller */ = {
			isa = PBXGroup;
			children = (
				204DB7201FB8489100B6657A /* ScaryBugsTableViewController.swift */,
			);
			path = Controller;
			sourceTree = "<group>";
		};
/* End PBXGroup section */

/* Begin PBXNativeTarget section */
		208FE6CB1FB8421A0021C3C0 /* ScaryBugs */ = {
			isa = PBXNativeTarget;
			buildConfigurationList = 208FE6DE1FB8421A0021C3C0 /* Build configuration list for PBXNativeTarget "ScaryBugs" */;
			buildPhases = (
				208FE6C81FB8421A0021C3C0 /* Sources */,
				208FE6C91FB8421A0021C3C0 /* Frameworks */,
				208FE6CA1FB8421A0021C3C0 /* Resources */,
			);
			buildRules = (
			);
			dependencies = (
			);
			name = ScaryBugs;
			productName = ScaryBugs;
			productReference = 208FE6CC1FB8421A0021C3C0 /* ScaryBugs.app */;
			productType = "com.apple.product-type.application";
		};
/* End PBXNativeTarget section */

/* Begin PBXProject section */
		208FE6C41FB8421A0021C3C0 /* Project object */ = {
			isa = PBXProject;
			attributes = {
				LastSwiftUpdateCheck = 0900;
				LastUpgradeCheck = 0900;
				ORGANIZATIONNAME = Touch4It;
				TargetAttributes = {
					208FE6CB1FB8421A0021C3C0 = {
						CreatedOnToolsVersion = 9.0.1;
						ProvisioningStyle = Automatic;
					};
				};
			};
			buildConfigurationList = 208FE6C71FB8421A0021C3C0 /* Build configuration list for PBXProject "ScaryBugs" */;
			compatibilityVersion = "Xcode 8.0";
			developmentRegion = en;
			hasScannedForEncodings = 0;
			knownRegions = (
				en,
				Base,
			);
			mainGroup = 208FE6C31FB8421A0021C3C0;
			productRefGroup = 208FE6CD1FB8421A0021C3C0 /* Products */;
			projectDirPath = "";
			projectRoot = "";
			targets = (
				208FE6CB1FB8421A0021C3C0 /* ScaryBugs */,
			);
		};
/* End PBXProject section */

/* Begin PBXResourcesBuildPhase section */
		208FE6CA1FB8421A0021C3C0 /* Resources */ = {
			isa = PBXResourcesBuildPhase;
			buildActionMask = 2147483647;
			files = (
				208FE6DA1FB8421A0021C3C0 /* LaunchScreen.storyboard in Resources */,
				208FE6D71FB8421A0021C3C0 /* Assets.xcassets in Resources */,
				208FE6D51FB8421A0021C3C0 /* Main.storyboard in Resources */,
			);
			runOnlyForDeploymentPostprocessing = 0;
		};
/* End PBXResourcesBuildPhase section */

/* Begin PBXSourcesBuildPhase section */
		208FE6C81FB8421A0021C3C0 /* Sources */ = {
			isa = PBXSourcesBuildPhase;
			buildActionMask = 2147483647;
			files = (
				208FE6D01FB8421A0021C3C0 /* AppDelegate.swift in Sources */,
				204DB7211FB8489100B6657A /* ScaryBugsTableViewController.swift in Sources */,
				208FE6E31FB842F00021C3C0 /* ScaryBug.swift in Sources */,
			);
			runOnlyForDeploymentPostprocessing = 0;
		};
/* End PBXSourcesBuildPhase section */

/* Begin PBXVariantGroup section */
		208FE6D31FB8421A0021C3C0 /* Main.storyboard */ = {
			isa = PBXVariantGroup;
			children = (
				208FE6D41FB8421A0021C3C0 /* Base */,
			);
			name = Main.storyboard;
			sourceTree = "<group>";
		};
		208FE6D81FB8421A0021C3C0 /* LaunchScreen.storyboard */ = {
			isa = PBXVariantGroup;
			children = (
				208FE6D91FB8421A0021C3C0 /* Base */,
			);
			name = LaunchScreen.storyboard;
			sourceTree = "<group>";
		};
/* End PBXVariantGroup section */

/* Begin XCBuildConfiguration section */
		208FE6DC1FB8421A0021C3C0 /* Debug */ = {
			isa = XCBuildConfiguration;
			buildSettings = {
				ALWAYS_SEARCH_USER_PATHS = NO;
				CLANG_ANALYZER_NONNULL = YES;
				CLANG_ANALYZER_NUMBER_OBJECT_CONVERSION = YES_AGGRESSIVE;
				CLANG_CXX_LANGUAGE_STANDARD = "gnu++14";
				CLANG_CXX_LIBRARY = "libc++";
				CLANG_ENABLE_MODULES = YES;
				CLANG_ENABLE_OBJC_ARC = YES;
				CLANG_WARN_BLOCK_CAPTURE_AUTORELEASING = YES;
				CLANG_WARN_BOOL_CONVERSION = YES;
				CLANG_WARN_COMMA = YES;
				CLANG_WARN_CONSTANT_CONVERSION = YES;
				CLANG_WARN_DIRECT_OBJC_ISA_USAGE = YES_ERROR;
				CLANG_WARN_DOCUMENTATION_COMMENTS = YES;
				CLANG_WARN_EMPTY_BODY = YES;
				CLANG_WARN_ENUM_CONVERSION = YES;
				CLANG_WARN_INFINITE_RECURSION = YES;
				CLANG_WARN_INT_CONVERSION = YES;
				CLANG_WARN_NON_LITERAL_NULL_CONVERSION = YES;
				CLANG_WARN_OBJC_LITERAL_CONVERSION = YES;
				CLANG_WARN_OBJC_ROOT_CLASS = YES_ERROR;
				CLANG_WARN_RANGE_LOOP_ANALYSIS = YES;
				CLANG_WARN_STRICT_PROTOTYPES = YES;
				CLANG_WARN_SUSPICIOUS_MOVE = YES;
				CLANG_WARN_UNGUARDED_AVAILABILITY = YES_AGGRESSIVE;
				CLANG_WARN_UNREACHABLE_CODE = YES;
				CLANG_WARN__DUPLICATE_METHOD_MATCH = YES;
				CODE_SIGN_IDENTITY = "iPhone Developer";
				COPY_PHASE_STRIP = NO;
				DEBUG_INFORMATION_FORMAT = dwarf;
				ENABLE_STRICT_OBJC_MSGSEND = YES;
				ENABLE_TESTABILITY = YES;
				GCC_C_LANGUAGE_STANDARD = gnu11;
				GCC_DYNAMIC_NO_PIC = NO;
				GCC_NO_COMMON_BLOCKS = YES;
				GCC_OPTIMIZATION_LEVEL = 0;
				GCC_PREPROCESSOR_DEFINITIONS = (
					"DEBUG=1",
					"$(inherited)",
				);
				GCC_WARN_64_TO_32_BIT_CONVERSION = YES;
				GCC_WARN_ABOUT_RETURN_TYPE = YES_ERROR;
				GCC_WARN_UNDECLARED_SELECTOR = YES;
				GCC_WARN_UNINITIALIZED_AUTOS = YES_AGGRESSIVE;
				GCC_WARN_UNUSED_FUNCTION = YES;
				GCC_WARN_UNUSED_VARIABLE = YES;
				IPHONEOS_DEPLOYMENT_TARGET = 11.0;
				MTL_ENABLE_DEBUG_INFO = YES;
				ONLY_ACTIVE_ARCH = YES;
				SDKROOT = iphoneos;
				SWIFT_ACTIVE_COMPILATION_CONDITIONS = DEBUG;
				SWIFT_OPTIMIZATION_LEVEL = "-Onone";
			};
			name = Debug;
		};
		208FE6DD1FB8421A0021C3C0 /* Release */ = {
			isa = XCBuildConfiguration;
			buildSettings = {
				ALWAYS_SEARCH_USER_PATHS = NO;
				CLANG_ANALYZER_NONNULL = YES;
				CLANG_ANALYZER_NUMBER_OBJECT_CONVERSION = YES_AGGRESSIVE;
				CLANG_CXX_LANGUAGE_STANDARD = "gnu++14";
				CLANG_CXX_LIBRARY = "libc++";
				CLANG_ENABLE_MODULES = YES;
				CLANG_ENABLE_OBJC_ARC = YES;
				CLANG_WARN_BLOCK_CAPTURE_AUTORELEASING = YES;
				CLANG_WARN_BOOL_CONVERSION = YES;
				CLANG_WARN_COMMA = YES;
				CLANG_WARN_CONSTANT_CONVERSION = YES;
				CLANG_WARN_DIRECT_OBJC_ISA_USAGE = YES_ERROR;
				CLANG_WARN_DOCUMENTATION_COMMENTS = YES;
				CLANG_WARN_EMPTY_BODY = YES;
				CLANG_WARN_ENUM_CONVERSION = YES;
				CLANG_WARN_INFINITE_RECURSION = YES;
				CLANG_WARN_INT_CONVERSION = YES;
				CLANG_WARN_NON_LITERAL_NULL_CONVERSION = YES;
				CLANG_WARN_OBJC_LITERAL_CONVERSION = YES;
				CLANG_WARN_OBJC_ROOT_CLASS = YES_ERROR;
				CLANG_WARN_RANGE_LOOP_ANALYSIS = YES;
				CLANG_WARN_STRICT_PROTOTYPES = YES;
				CLANG_WARN_SUSPICIOUS_MOVE = YES;
				CLANG_WARN_UNGUARDED_AVAILABILITY = YES_AGGRESSIVE;
				CLANG_WARN_UNREACHABLE_CODE = YES;
				CLANG_WARN__DUPLICATE_METHOD_MATCH = YES;
				CODE_SIGN_IDENTITY = "iPhone Developer";
				COPY_PHASE_STRIP = NO;
				DEBUG_INFORMATION_FORMAT = "dwarf-with-dsym";
				ENABLE_NS_ASSERTIONS = NO;
				ENABLE_STRICT_OBJC_MSGSEND = YES;
				GCC_C_LANGUAGE_STANDARD = gnu11;
				GCC_NO_COMMON_BLOCKS = YES;
				GCC_WARN_64_TO_32_BIT_CONVERSION = YES;
				GCC_WARN_ABOUT_RETURN_TYPE = YES_ERROR;
				GCC_WARN_UNDECLARED_SELECTOR = YES;
				GCC_WARN_UNINITIALIZED_AUTOS = YES_AGGRESSIVE;
				GCC_WARN_UNUSED_FUNCTION = YES;
				GCC_WARN_UNUSED_VARIABLE = YES;
				IPHONEOS_DEPLOYMENT_TARGET = 11.0;
				MTL_ENABLE_DEBUG_INFO = NO;
				SDKROOT = iphoneos;
				SWIFT_OPTIMIZATION_LEVEL = "-Owholemodule";
				VALIDATE_PRODUCT = YES;
			};
			name = Release;
		};
		208FE6DF1FB8421A0021C3C0 /* Debug */ = {
			isa = XCBuildConfiguration;
			buildSettings = {
				ASSETCATALOG_COMPILER_APPICON_NAME = AppIcon;
				CODE_SIGN_STYLE = Automatic;
				INFOPLIST_FILE = ScaryBugs/Info.plist;
				LD_RUNPATH_SEARCH_PATHS = "$(inherited) @executable_path/Frameworks";
				PRODUCT_BUNDLE_IDENTIFIER = com.touch4it.ScaryBugs;
				PRODUCT_NAME = "$(TARGET_NAME)";
				SWIFT_VERSION = 4.0;
				TARGETED_DEVICE_FAMILY = "1,2";
			};
			name = Debug;
		};
		208FE6E01FB8421A0021C3C0 /* Release */ = {
			isa = XCBuildConfiguration;
			buildSettings = {
				ASSETCATALOG_COMPILER_APPICON_NAME = AppIcon;
				CODE_SIGN_STYLE = Automatic;
				INFOPLIST_FILE = ScaryBugs/Info.plist;
				LD_RUNPATH_SEARCH_PATHS = "$(inherited) @executable_path/Frameworks";
				PRODUCT_BUNDLE_IDENTIFIER = com.touch4it.ScaryBugs;
				PRODUCT_NAME = "$(TARGET_NAME)";
				SWIFT_VERSION = 4.0;
				TARGETED_DEVICE_FAMILY = "1,2";
			};
			name = Release;
		};
/* End XCBuildConfiguration section */

/* Begin XCConfigurationList section */
		208FE6C71FB8421A0021C3C0 /* Build configuration list for PBXProject "ScaryBugs" */ = {
			isa = XCConfigurationList;
			buildConfigurations = (
				208FE6DC1FB8421A0021C3C0 /* Debug */,
				208FE6DD1FB8421A0021C3C0 /* Release */,
			);
			defaultConfigurationIsVisible = 0;
			defaultConfigurationName = Release;
		};
		208FE6DE1FB8421A0021C3C0 /* Build configuration list for PBXNativeTarget "ScaryBugs" */ = {
			isa = XCConfigurationList;
			buildConfigurations = (
				208FE6DF1FB8421A0021C3C0 /* Debug */,
				208FE6E01FB8421A0021C3C0 /* Release */,
			);
			defaultConfigurationIsVisible = 0;
			defaultConfigurationName = Release;
		};
/* End XCConfigurationList section */
	};
	rootObject = 208FE6C41FB8421A0021C3C0 /* Project object */;
}
