// !$*UTF8*$!
{
	archiveVersion = 1;
	classes = {
	};
	objectVersion = 48;
	objects = {

/* Begin PBXBuildFile section */
		2022FDE51F9612CB00BC5C3B /* AppDelegate.swift in Sources */ = {isa = PBXBuildFile; fileRef = 2022FDE41F9612CB00BC5C3B /* AppDelegate.swift */; };
		2022FDE71F9612CB00BC5C3B /* ViewController.swift in Sources */ = {isa = PBXBuildFile; fileRef = 2022FDE61F9612CB00BC5C3B /* ViewController.swift */; };
		2022FDEC1F9612CB00BC5C3B /* Assets.xcassets in Resources */ = {isa = PBXBuildFile; fileRef = 2022FDEB1F9612CB00BC5C3B /* Assets.xcassets */; };
		2022FDEF1F9612CB00BC5C3B /* LaunchScreen.storyboard in Resources */ = {isa = PBXBuildFile; fileRef = 2022FDED1F9612CB00BC5C3B /* LaunchScreen.storyboard */; };
/* End PBXBuildFile section */

/* Begin PBXFileReference section */
		2022FDE11F9612CB00BC5C3B /* UIProgrammaticaly.app */ = {isa = PBXFileReference; explicitFileType = wrapper.application; includeInIndex = 0; path = UIProgrammaticaly.app; sourceTree = BUILT_PRODUCTS_DIR; };
		2022FDE41F9612CB00BC5C3B /* AppDelegate.swift */ = {isa = PBXFileReference; lastKnownFileType = sourcecode.swift; path = AppDelegate.swift; sourceTree = "<group>"; };
		2022FDE61F9612CB00BC5C3B /* ViewController.swift */ = {isa = PBXFileReference; lastKnownFileType = sourcecode.swift; path = ViewController.swift; sourceTree = "<group>"; };
		2022FDEB1F9612CB00BC5C3B /* Assets.xcassets */ = {isa = PBXFileReference; lastKnownFileType = folder.assetcatalog; path = Assets.xcassets; sourceTree = "<group>"; };
		2022FDEE1F9612CB00BC5C3B /* Base */ = {isa = PBXFileReference; lastKnownFileType = file.storyboard; name = Base; path = Base.lproj/LaunchScreen.storyboard; sourceTree = "<group>"; };
		2022FDF01F9612CB00BC5C3B /* Info.plist */ = {isa = PBXFileReference; lastKnownFileType = text.plist.xml; path = Info.plist; sourceTree = "<group>"; };
/* End PBXFileReference section */

/* Begin PBXFrameworksBuildPhase section */
		2022FDDE1F9612CB00BC5C3B /* Frameworks */ = {
			isa = PBXFrameworksBuildPhase;
			buildActionMask = 2147483647;
			files = (
			);
			runOnlyForDeploymentPostprocessing = 0;
		};
/* End PBXFrameworksBuildPhase section */

/* Begin PBXGroup section */
		2022FDD81F9612CB00BC5C3B = {
			isa = PBXGroup;
			children = (
				2022FDE31F9612CB00BC5C3B /* UIProgrammaticaly */,
				2022FDE21F9612CB00BC5C3B /* Products */,
			);
			sourceTree = "<group>";
		};
		2022FDE21F9612CB00BC5C3B /* Products */ = {
			isa = PBXGroup;
			children = (
				2022FDE11F9612CB00BC5C3B /* UIProgrammaticaly.app */,
			);
			name = Products;
			sourceTree = "<group>";
		};
		2022FDE31F9612CB00BC5C3B /* UIProgrammaticaly */ = {
			isa = PBXGroup;
			children = (
				2022FDE41F9612CB00BC5C3B /* AppDelegate.swift */,
				2022FDE61F9612CB00BC5C3B /* ViewController.swift */,
				2022FDEB1F9612CB00BC5C3B /* Assets.xcassets */,
				2022FDED1F9612CB00BC5C3B /* LaunchScreen.storyboard */,
				2022FDF01F9612CB00BC5C3B /* Info.plist */,
			);
			path = UIProgrammaticaly;
			sourceTree = "<group>";
		};
/* End PBXGroup section */

/* Begin PBXNativeTarget section */
		2022FDE01F9612CB00BC5C3B /* UIProgrammaticaly */ = {
			isa = PBXNativeTarget;
			buildConfigurationList = 2022FDF31F9612CB00BC5C3B /* Build configuration list for PBXNativeTarget "UIProgrammaticaly" */;
			buildPhases = (
				2022FDDD1F9612CB00BC5C3B /* Sources */,
				2022FDDE1F9612CB00BC5C3B /* Frameworks */,
				2022FDDF1F9612CB00BC5C3B /* Resources */,
			);
			buildRules = (
			);
			dependencies = (
			);
			name = UIProgrammaticaly;
			productName = UIProgrammaticaly;
			productReference = 2022FDE11F9612CB00BC5C3B /* UIProgrammaticaly.app */;
			productType = "com.apple.product-type.application";
		};
/* End PBXNativeTarget section */

/* Begin PBXProject section */
		2022FDD91F9612CB00BC5C3B /* Project object */ = {
			isa = PBXProject;
			attributes = {
				LastSwiftUpdateCheck = 0900;
				LastUpgradeCheck = 0900;
				ORGANIZATIONNAME = Touch4It;
				TargetAttributes = {
					2022FDE01F9612CB00BC5C3B = {
						CreatedOnToolsVersion = 9.0.1;
						ProvisioningStyle = Automatic;
					};
				};
			};
			buildConfigurationList = 2022FDDC1F9612CB00BC5C3B /* Build configuration list for PBXProject "UIProgrammaticaly" */;
			compatibilityVersion = "Xcode 8.0";
			developmentRegion = en;
			hasScannedForEncodings = 0;
			knownRegions = (
				en,
				Base,
			);
			mainGroup = 2022FDD81F9612CB00BC5C3B;
			productRefGroup = 2022FDE21F9612CB00BC5C3B /* Products */;
			projectDirPath = "";
			projectRoot = "";
			targets = (
				2022FDE01F9612CB00BC5C3B /* UIProgrammaticaly */,
			);
		};
/* End PBXProject section */

/* Begin PBXResourcesBuildPhase section */
		2022FDDF1F9612CB00BC5C3B /* Resources */ = {
			isa = PBXResourcesBuildPhase;
			buildActionMask = 2147483647;
			files = (
				2022FDEF1F9612CB00BC5C3B /* LaunchScreen.storyboard in Resources */,
				2022FDEC1F9612CB00BC5C3B /* Assets.xcassets in Resources */,
			);
			runOnlyForDeploymentPostprocessing = 0;
		};
/* End PBXResourcesBuildPhase section */

/* Begin PBXSourcesBuildPhase section */
		2022FDDD1F9612CB00BC5C3B /* Sources */ = {
			isa = PBXSourcesBuildPhase;
			buildActionMask = 2147483647;
			files = (
				2022FDE71F9612CB00BC5C3B /* ViewController.swift in Sources */,
				2022FDE51F9612CB00BC5C3B /* AppDelegate.swift in Sources */,
			);
			runOnlyForDeploymentPostprocessing = 0;
		};
/* End PBXSourcesBuildPhase section */

/* Begin PBXVariantGroup section */
		2022FDED1F9612CB00BC5C3B /* LaunchScreen.storyboard */ = {
			isa = PBXVariantGroup;
			children = (
				2022FDEE1F9612CB00BC5C3B /* Base */,
			);
			name = LaunchScreen.storyboard;
			sourceTree = "<group>";
		};
/* End PBXVariantGroup section */

/* Begin XCBuildConfiguration section */
		2022FDF11F9612CB00BC5C3B /* Debug */ = {
			isa = XCBuildConfiguration;
			buildSettings = {
				ALWAYS_SEARCH_USER_PATHS = NO;
				CLANG_ANALYZER_NONNULL = YES;
				CLANG_ANALYZER_NUMBER_OBJECT_CONVERSION = YES_AGGRESSIVE;
				CLANG_CXX_LANGUAGE_STANDARD = "gnu++14";
				CLANG_CXX_LIBRARY = "libc++";
				CLANG_ENABLE_MODULES = YES;
				CLANG_ENABLE_OBJC_ARC = YES;
				CLANG_WARN_BLOCK_CAPTURE_AUTORELEASING = YES;
				CLANG_WARN_BOOL_CONVERSION = YES;
				CLANG_WARN_COMMA = YES;
				CLANG_WARN_CONSTANT_CONVERSION = YES;
				CLANG_WARN_DIRECT_OBJC_ISA_USAGE = YES_ERROR;
				CLANG_WARN_DOCUMENTATION_COMMENTS = YES;
				CLANG_WARN_EMPTY_BODY = YES;
				CLANG_WARN_ENUM_CONVERSION = YES;
				CLANG_WARN_INFINITE_RECURSION = YES;
				CLANG_WARN_INT_CONVERSION = YES;
				CLANG_WARN_NON_LITERAL_NULL_CONVERSION = YES;
				CLANG_WARN_OBJC_LITERAL_CONVERSION = YES;
				CLANG_WARN_OBJC_ROOT_CLASS = YES_ERROR;
				CLANG_WARN_RANGE_LOOP_ANALYSIS = YES;
				CLANG_WARN_STRICT_PROTOTYPES = YES;
				CLANG_WARN_SUSPICIOUS_MOVE = YES;
				CLANG_WARN_UNGUARDED_AVAILABILITY = YES_AGGRESSIVE;
				CLANG_WARN_UNREACHABLE_CODE = YES;
				CLANG_WARN__DUPLICATE_METHOD_MATCH = YES;
				CODE_SIGN_IDENTITY = "iPhone Developer";
				COPY_PHASE_STRIP = NO;
				DEBUG_INFORMATION_FORMAT = dwarf;
				ENABLE_STRICT_OBJC_MSGSEND = YES;
				ENABLE_TESTABILITY = YES;
				GCC_C_LANGUAGE_STANDARD = gnu11;
				GCC_DYNAMIC_NO_PIC = NO;
				GCC_NO_COMMON_BLOCKS = YES;
				GCC_OPTIMIZATION_LEVEL = 0;
				GCC_PREPROCESSOR_DEFINITIONS = (
					"DEBUG=1",
					"$(inherited)",
				);
				GCC_WARN_64_TO_32_BIT_CONVERSION = YES;
				GCC_WARN_ABOUT_RETURN_TYPE = YES_ERROR;
				GCC_WARN_UNDECLARED_SELECTOR = YES;
				GCC_WARN_UNINITIALIZED_AUTOS = YES_AGGRESSIVE;
				GCC_WARN_UNUSED_FUNCTION = YES;
				GCC_WARN_UNUSED_VARIABLE = YES;
				IPHONEOS_DEPLOYMENT_TARGET = 11.0;
				MTL_ENABLE_DEBUG_INFO = YES;
				ONLY_ACTIVE_ARCH = YES;
				SDKROOT = iphoneos;
				SWIFT_ACTIVE_COMPILATION_CONDITIONS = DEBUG;
				SWIFT_OPTIMIZATION_LEVEL = "-Onone";
			};
			name = Debug;
		};
		2022FDF21F9612CB00BC5C3B /* Release */ = {
			isa = XCBuildConfiguration;
			buildSettings = {
				ALWAYS_SEARCH_USER_PATHS = NO;
				CLANG_ANALYZER_NONNULL = YES;
				CLANG_ANALYZER_NUMBER_OBJECT_CONVERSION = YES_AGGRESSIVE;
				CLANG_CXX_LANGUAGE_STANDARD = "gnu++14";
				CLANG_CXX_LIBRARY = "libc++";
				CLANG_ENABLE_MODULES = YES;
				CLANG_ENABLE_OBJC_ARC = YES;
				CLANG_WARN_BLOCK_CAPTURE_AUTORELEASING = YES;
				CLANG_WARN_BOOL_CONVERSION = YES;
				CLANG_WARN_COMMA = YES;
				CLANG_WARN_CONSTANT_CONVERSION = YES;
				CLANG_WARN_DIRECT_OBJC_ISA_USAGE = YES_ERROR;
				CLANG_WARN_DOCUMENTATION_COMMENTS = YES;
				CLANG_WARN_EMPTY_BODY = YES;
				CLANG_WARN_ENUM_CONVERSION = YES;
				CLANG_WARN_INFINITE_RECURSION = YES;
				CLANG_WARN_INT_CONVERSION = YES;
				CLANG_WARN_NON_LITERAL_NULL_CONVERSION = YES;
				CLANG_WARN_OBJC_LITERAL_CONVERSION = YES;
				CLANG_WARN_OBJC_ROOT_CLASS = YES_ERROR;
				CLANG_WARN_RANGE_LOOP_ANALYSIS = YES;
				CLANG_WARN_STRICT_PROTOTYPES = YES;
				CLANG_WARN_SUSPICIOUS_MOVE = YES;
				CLANG_WARN_UNGUARDED_AVAILABILITY = YES_AGGRESSIVE;
				CLANG_WARN_UNREACHABLE_CODE = YES;
				CLANG_WARN__DUPLICATE_METHOD_MATCH = YES;
				CODE_SIGN_IDENTITY = "iPhone Developer";
				COPY_PHASE_STRIP = NO;
				DEBUG_INFORMATION_FORMAT = "dwarf-with-dsym";
				ENABLE_NS_ASSERTIONS = NO;
				ENABLE_STRICT_OBJC_MSGSEND = YES;
				GCC_C_LANGUAGE_STANDARD = gnu11;
				GCC_NO_COMMON_BLOCKS = YES;
				GCC_WARN_64_TO_32_BIT_CONVERSION = YES;
				GCC_WARN_ABOUT_RETURN_TYPE = YES_ERROR;
				GCC_WARN_UNDECLARED_SELECTOR = YES;
				GCC_WARN_UNINITIALIZED_AUTOS = YES_AGGRESSIVE;
				GCC_WARN_UNUSED_FUNCTION = YES;
				GCC_WARN_UNUSED_VARIABLE = YES;
				IPHONEOS_DEPLOYMENT_TARGET = 11.0;
				MTL_ENABLE_DEBUG_INFO = NO;
				SDKROOT = iphoneos;
				SWIFT_OPTIMIZATION_LEVEL = "-Owholemodule";
				VALIDATE_PRODUCT = YES;
			};
			name = Release;
		};
		2022FDF41F9612CB00BC5C3B /* Debug */ = {
			isa = XCBuildConfiguration;
			buildSettings = {
				ASSETCATALOG_COMPILER_APPICON_NAME = AppIcon;
				CODE_SIGN_STYLE = Automatic;
				INFOPLIST_FILE = UIProgrammaticaly/Info.plist;
				LD_RUNPATH_SEARCH_PATHS = "$(inherited) @executable_path/Frameworks";
				PRODUCT_BUNDLE_IDENTIFIER = com.touch4it.UIProgrammaticaly;
				PRODUCT_NAME = "$(TARGET_NAME)";
				SWIFT_VERSION = 4.0;
				TARGETED_DEVICE_FAMILY = "1,2";
			};
			name = Debug;
		};
		2022FDF51F9612CB00BC5C3B /* Release */ = {
			isa = XCBuildConfiguration;
			buildSettings = {
				ASSETCATALOG_COMPILER_APPICON_NAME = AppIcon;
				CODE_SIGN_STYLE = Automatic;
				INFOPLIST_FILE = UIProgrammaticaly/Info.plist;
				LD_RUNPATH_SEARCH_PATHS = "$(inherited) @executable_path/Frameworks";
				PRODUCT_BUNDLE_IDENTIFIER = com.touch4it.UIProgrammaticaly;
				PRODUCT_NAME = "$(TARGET_NAME)";
				SWIFT_VERSION = 4.0;
				TARGETED_DEVICE_FAMILY = "1,2";
			};
			name = Release;
		};
/* End XCBuildConfiguration section */

/* Begin XCConfigurationList section */
		2022FDDC1F9612CB00BC5C3B /* Build configuration list for PBXProject "UIProgrammaticaly" */ = {
			isa = XCConfigurationList;
			buildConfigurations = (
				2022FDF11F9612CB00BC5C3B /* Debug */,
				2022FDF21F9612CB00BC5C3B /* Release */,
			);
			defaultConfigurationIsVisible = 0;
			defaultConfigurationName = Release;
		};
		2022FDF31F9612CB00BC5C3B /* Build configuration list for PBXNativeTarget "UIProgrammaticaly" */ = {
			isa = XCConfigurationList;
			buildConfigurations = (
				2022FDF41F9612CB00BC5C3B /* Debug */,
				2022FDF51F9612CB00BC5C3B /* Release */,
			);
			defaultConfigurationIsVisible = 0;
			defaultConfigurationName = Release;
		};
/* End XCConfigurationList section */
	};
	rootObject = 2022FDD91F9612CB00BC5C3B /* Project object */;
}
